
Microsoft Visual Studio Solution File, Format Version 12.00
# Visual Studio Version 17
VisualStudioVersion = 17.9.34607.119
MinimumVisualStudioVersion = 10.0.40219.1
Project("{FAE04EC0-301F-11D3-BF4B-00C04F79EFBC}") = "IMC", "IMC\IMC.csproj", "{9675FC41-44FF-4C9B-AA1D-83ED7F12067F}"
EndProject
Global
	GlobalSection(SolutionConfigurationPlatforms) = preSolution
		Debug|Any CPU = Debug|Any CPU
		Release|Any CPU = Release|Any CPU
	EndGlobalSection
	GlobalSection(ProjectConfigurationPlatforms) = postSolution
		{9675FC41-44FF-4C9B-AA1D-83ED7F12067F}.Debug|Any CPU.ActiveCfg = Debug|Any CPU
		{9675FC41-44FF-4C9B-AA1D-83ED7F12067F}.Debug|Any CPU.Build.0 = Debug|Any CPU
		{9675FC41-44FF-4C9B-AA1D-83ED7F12067F}.Release|Any CPU.ActiveCfg = Release|Any CPU
		{9675FC41-44FF-4C9B-AA1D-83ED7F12067F}.Release|Any CPU.Build.0 = Release|Any CPU
	EndGlobalSection
	GlobalSection(SolutionProperties) = preSolution
		HideSolutionNode = FALSE
	EndGlobalSection
	GlobalSection(ExtensibilityGlobals) = postSolution
		SolutionGuid = {3EF59915-AB90-4BD0-86C8-25C7182DCE80}
	EndGlobalSection
EndGlobal
